// !$*UTF8*$!
{
	archiveVersion = 1;
	classes = {
	};
	objectVersion = 50;
	objects = {

/* Begin PBXBuildFile section */
		D22468E420792EB700322262 /* AppDelegate.swift in Sources */ = {isa = PBXBuildFile; fileRef = D22468E320792EB700322262 /* AppDelegate.swift */; };
		D22468E620792EB700322262 /* ViewController.swift in Sources */ = {isa = PBXBuildFile; fileRef = D22468E520792EB700322262 /* ViewController.swift */; };
		D22468E920792EB700322262 /* Main.storyboard in Resources */ = {isa = PBXBuildFile; fileRef = D22468E720792EB700322262 /* Main.storyboard */; };
		D22468EC20792EB700322262 /* Summoney.xcdatamodeld in Sources */ = {isa = PBXBuildFile; fileRef = D22468EA20792EB700322262 /* Summoney.xcdatamodeld */; };
		D22468EE20792EB900322262 /* Assets.xcassets in Resources */ = {isa = PBXBuildFile; fileRef = D22468ED20792EB900322262 /* Assets.xcassets */; };
		D22468F120792EB900322262 /* LaunchScreen.storyboard in Resources */ = {isa = PBXBuildFile; fileRef = D22468EF20792EB900322262 /* LaunchScreen.storyboard */; };
		D22468FC20792EB900322262 /* SummoneyTests.swift in Sources */ = {isa = PBXBuildFile; fileRef = D22468FB20792EB900322262 /* SummoneyTests.swift */; };
		D224690720792EB900322262 /* SummoneyUITests.swift in Sources */ = {isa = PBXBuildFile; fileRef = D224690620792EB900322262 /* SummoneyUITests.swift */; };
/* End PBXBuildFile section */

/* Begin PBXContainerItemProxy section */
		D22468F820792EB900322262 /* PBXContainerItemProxy */ = {
			isa = PBXContainerItemProxy;
			containerPortal = D22468D820792EB700322262 /* Project object */;
			proxyType = 1;
			remoteGlobalIDString = D22468DF20792EB700322262;
			remoteInfo = Summoney;
		};
		D224690320792EB900322262 /* PBXContainerItemProxy */ = {
			isa = PBXContainerItemProxy;
			containerPortal = D22468D820792EB700322262 /* Project object */;
			proxyType = 1;
			remoteGlobalIDString = D22468DF20792EB700322262;
			remoteInfo = Summoney;
		};
/* End PBXContainerItemProxy section */

/* Begin PBXFileReference section */
		D22468E020792EB700322262 /* Summoney.app */ = {isa = PBXFileReference; explicitFileType = wrapper.application; includeInIndex = 0; path = Summoney.app; sourceTree = BUILT_PRODUCTS_DIR; };
		D22468E320792EB700322262 /* AppDelegate.swift */ = {isa = PBXFileReference; lastKnownFileType = sourcecode.swift; path = AppDelegate.swift; sourceTree = "<group>"; };
		D22468E520792EB700322262 /* ViewController.swift */ = {isa = PBXFileReference; lastKnownFileType = sourcecode.swift; path = ViewController.swift; sourceTree = "<group>"; };
		D22468E820792EB700322262 /* Base */ = {isa = PBXFileReference; lastKnownFileType = file.storyboard; name = Base; path = Base.lproj/Main.storyboard; sourceTree = "<group>"; };
		D22468EB20792EB700322262 /* Summoney.xcdatamodel */ = {isa = PBXFileReference; lastKnownFileType = wrapper.xcdatamodel; path = Summoney.xcdatamodel; sourceTree = "<group>"; };
		D22468ED20792EB900322262 /* Assets.xcassets */ = {isa = PBXFileReference; lastKnownFileType = folder.assetcatalog; path = Assets.xcassets; sourceTree = "<group>"; };
		D22468F020792EB900322262 /* Base */ = {isa = PBXFileReference; lastKnownFileType = file.storyboard; name = Base; path = Base.lproj/LaunchScreen.storyboard; sourceTree = "<group>"; };
		D22468F220792EB900322262 /* Info.plist */ = {isa = PBXFileReference; lastKnownFileType = text.plist.xml; path = Info.plist; sourceTree = "<group>"; };
		D22468F720792EB900322262 /* SummoneyTests.xctest */ = {isa = PBXFileReference; explicitFileType = wrapper.cfbundle; includeInIndex = 0; path = SummoneyTests.xctest; sourceTree = BUILT_PRODUCTS_DIR; };
		D22468FB20792EB900322262 /* SummoneyTests.swift */ = {isa = PBXFileReference; lastKnownFileType = sourcecode.swift; path = SummoneyTests.swift; sourceTree = "<group>"; };
		D22468FD20792EB900322262 /* Info.plist */ = {isa = PBXFileReference; lastKnownFileType = text.plist.xml; path = Info.plist; sourceTree = "<group>"; };
		D224690220792EB900322262 /* SummoneyUITests.xctest */ = {isa = PBXFileReference; explicitFileType = wrapper.cfbundle; includeInIndex = 0; path = SummoneyUITests.xctest; sourceTree = BUILT_PRODUCTS_DIR; };
		D224690620792EB900322262 /* SummoneyUITests.swift */ = {isa = PBXFileReference; lastKnownFileType = sourcecode.swift; path = SummoneyUITests.swift; sourceTree = "<group>"; };
		D224690820792EB900322262 /* Info.plist */ = {isa = PBXFileReference; lastKnownFileType = text.plist.xml; path = Info.plist; sourceTree = "<group>"; };
/* End PBXFileReference section */

/* Begin PBXFrameworksBuildPhase section */
		D22468DD20792EB700322262 /* Frameworks */ = {
			isa = PBXFrameworksBuildPhase;
			buildActionMask = 2147483647;
			files = (
			);
			runOnlyForDeploymentPostprocessing = 0;
		};
		D22468F420792EB900322262 /* Frameworks */ = {
			isa = PBXFrameworksBuildPhase;
			buildActionMask = 2147483647;
			files = (
			);
			runOnlyForDeploymentPostprocessing = 0;
		};
		D22468FF20792EB900322262 /* Frameworks */ = {
			isa = PBXFrameworksBuildPhase;
			buildActionMask = 2147483647;
			files = (
			);
			runOnlyForDeploymentPostprocessing = 0;
		};
/* End PBXFrameworksBuildPhase section */

/* Begin PBXGroup section */
		D22468D720792EB700322262 = {
			isa = PBXGroup;
			children = (
				D22468E220792EB700322262 /* Summoney */,
				D22468FA20792EB900322262 /* SummoneyTests */,
				D224690520792EB900322262 /* SummoneyUITests */,
				D22468E120792EB700322262 /* Products */,
			);
			sourceTree = "<group>";
		};
		D22468E120792EB700322262 /* Products */ = {
			isa = PBXGroup;
			children = (
				D22468E020792EB700322262 /* Summoney.app */,
				D22468F720792EB900322262 /* SummoneyTests.xctest */,
				D224690220792EB900322262 /* SummoneyUITests.xctest */,
			);
			name = Products;
			sourceTree = "<group>";
		};
		D22468E220792EB700322262 /* Summoney */ = {
			isa = PBXGroup;
			children = (
				D22468E320792EB700322262 /* AppDelegate.swift */,
				D22468E520792EB700322262 /* ViewController.swift */,
				D22468E720792EB700322262 /* Main.storyboard */,
				D22468ED20792EB900322262 /* Assets.xcassets */,
				D22468EF20792EB900322262 /* LaunchScreen.storyboard */,
				D22468F220792EB900322262 /* Info.plist */,
				D22468EA20792EB700322262 /* Summoney.xcdatamodeld */,
			);
			path = Summoney;
			sourceTree = "<group>";
		};
		D22468FA20792EB900322262 /* SummoneyTests */ = {
			isa = PBXGroup;
			children = (
				D22468FB20792EB900322262 /* SummoneyTests.swift */,
				D22468FD20792EB900322262 /* Info.plist */,
			);
			path = SummoneyTests;
			sourceTree = "<group>";
		};
		D224690520792EB900322262 /* SummoneyUITests */ = {
			isa = PBXGroup;
			children = (
				D224690620792EB900322262 /* SummoneyUITests.swift */,
				D224690820792EB900322262 /* Info.plist */,
			);
			path = SummoneyUITests;
			sourceTree = "<group>";
		};
/* End PBXGroup section */

/* Begin PBXNativeTarget section */
		D22468DF20792EB700322262 /* Summoney */ = {
			isa = PBXNativeTarget;
			buildConfigurationList = D224690B20792EB900322262 /* Build configuration list for PBXNativeTarget "Summoney" */;
			buildPhases = (
				D22468DC20792EB700322262 /* Sources */,
				D22468DD20792EB700322262 /* Frameworks */,
				D22468DE20792EB700322262 /* Resources */,
			);
			buildRules = (
			);
			dependencies = (
			);
			name = Summoney;
			productName = Summoney;
			productReference = D22468E020792EB700322262 /* Summoney.app */;
			productType = "com.apple.product-type.application";
		};
		D22468F620792EB900322262 /* SummoneyTests */ = {
			isa = PBXNativeTarget;
			buildConfigurationList = D224690E20792EB900322262 /* Build configuration list for PBXNativeTarget "SummoneyTests" */;
			buildPhases = (
				D22468F320792EB900322262 /* Sources */,
				D22468F420792EB900322262 /* Frameworks */,
				D22468F520792EB900322262 /* Resources */,
			);
			buildRules = (
			);
			dependencies = (
				D22468F920792EB900322262 /* PBXTargetDependency */,
			);
			name = SummoneyTests;
			productName = SummoneyTests;
			productReference = D22468F720792EB900322262 /* SummoneyTests.xctest */;
			productType = "com.apple.product-type.bundle.unit-test";
		};
		D224690120792EB900322262 /* SummoneyUITests */ = {
			isa = PBXNativeTarget;
			buildConfigurationList = D224691120792EB900322262 /* Build configuration list for PBXNativeTarget "SummoneyUITests" */;
			buildPhases = (
				D22468FE20792EB900322262 /* Sources */,
				D22468FF20792EB900322262 /* Frameworks */,
				D224690020792EB900322262 /* Resources */,
			);
			buildRules = (
			);
			dependencies = (
				D224690420792EB900322262 /* PBXTargetDependency */,
			);
			name = SummoneyUITests;
			productName = SummoneyUITests;
			productReference = D224690220792EB900322262 /* SummoneyUITests.xctest */;
			productType = "com.apple.product-type.bundle.ui-testing";
		};
/* End PBXNativeTarget section */

/* Begin PBXProject section */
		D22468D820792EB700322262 /* Project object */ = {
			isa = PBXProject;
			attributes = {
				LastSwiftUpdateCheck = 0930;
				LastUpgradeCheck = 0930;
				ORGANIZATIONNAME = "Thien Pham";
				TargetAttributes = {
					D22468DF20792EB700322262 = {
						CreatedOnToolsVersion = 9.3;
					};
					D22468F620792EB900322262 = {
						CreatedOnToolsVersion = 9.3;
						TestTargetID = D22468DF20792EB700322262;
					};
					D224690120792EB900322262 = {
						CreatedOnToolsVersion = 9.3;
						TestTargetID = D22468DF20792EB700322262;
					};
				};
			};
			buildConfigurationList = D22468DB20792EB700322262 /* Build configuration list for PBXProject "Summoney" */;
			compatibilityVersion = "Xcode 9.3";
			developmentRegion = en;
			hasScannedForEncodings = 0;
			knownRegions = (
				en,
				Base,
			);
			mainGroup = D22468D720792EB700322262;
			productRefGroup = D22468E120792EB700322262 /* Products */;
			projectDirPath = "";
			projectRoot = "";
			targets = (
				D22468DF20792EB700322262 /* Summoney */,
				D22468F620792EB900322262 /* SummoneyTests */,
				D224690120792EB900322262 /* SummoneyUITests */,
			);
		};
/* End PBXProject section */

/* Begin PBXResourcesBuildPhase section */
		D22468DE20792EB700322262 /* Resources */ = {
			isa = PBXResourcesBuildPhase;
			buildActionMask = 2147483647;
			files = (
				D22468F120792EB900322262 /* LaunchScreen.storyboard in Resources */,
				D22468EE20792EB900322262 /* Assets.xcassets in Resources */,
				D22468E920792EB700322262 /* Main.storyboard in Resources */,
			);
			runOnlyForDeploymentPostprocessing = 0;
		};
		D22468F520792EB900322262 /* Resources */ = {
			isa = PBXResourcesBuildPhase;
			buildActionMask = 2147483647;
			files = (
			);
			runOnlyForDeploymentPostprocessing = 0;
		};
		D224690020792EB900322262 /* Resources */ = {
			isa = PBXResourcesBuildPhase;
			buildActionMask = 2147483647;
			files = (
			);
			runOnlyForDeploymentPostprocessing = 0;
		};
/* End PBXResourcesBuildPhase section */

/* Begin PBXSourcesBuildPhase section */
		D22468DC20792EB700322262 /* Sources */ = {
			isa = PBXSourcesBuildPhase;
			buildActionMask = 2147483647;
			files = (
				D22468EC20792EB700322262 /* Summoney.xcdatamodeld in Sources */,
				D22468E620792EB700322262 /* ViewController.swift in Sources */,
				D22468E420792EB700322262 /* AppDelegate.swift in Sources */,
			);
			runOnlyForDeploymentPostprocessing = 0;
		};
		D22468F320792EB900322262 /* Sources */ = {
			isa = PBXSourcesBuildPhase;
			buildActionMask = 2147483647;
			files = (
				D22468FC20792EB900322262 /* SummoneyTests.swift in Sources */,
			);
			runOnlyForDeploymentPostprocessing = 0;
		};
		D22468FE20792EB900322262 /* Sources */ = {
			isa = PBXSourcesBuildPhase;
			buildActionMask = 2147483647;
			files = (
				D224690720792EB900322262 /* SummoneyUITests.swift in Sources */,
			);
			runOnlyForDeploymentPostprocessing = 0;
		};
/* End PBXSourcesBuildPhase section */

/* Begin PBXTargetDependency section */
		D22468F920792EB900322262 /* PBXTargetDependency */ = {
			isa = PBXTargetDependency;
			target = D22468DF20792EB700322262 /* Summoney */;
			targetProxy = D22468F820792EB900322262 /* PBXContainerItemProxy */;
		};
		D224690420792EB900322262 /* PBXTargetDependency */ = {
			isa = PBXTargetDependency;
			target = D22468DF20792EB700322262 /* Summoney */;
			targetProxy = D224690320792EB900322262 /* PBXContainerItemProxy */;
		};
/* End PBXTargetDependency section */

/* Begin PBXVariantGroup section */
		D22468E720792EB700322262 /* Main.storyboard */ = {
			isa = PBXVariantGroup;
			children = (
				D22468E820792EB700322262 /* Base */,
			);
			name = Main.storyboard;
			sourceTree = "<group>";
		};
		D22468EF20792EB900322262 /* LaunchScreen.storyboard */ = {
			isa = PBXVariantGroup;
			children = (
				D22468F020792EB900322262 /* Base */,
			);
			name = LaunchScreen.storyboard;
			sourceTree = "<group>";
		};
/* End PBXVariantGroup section */

/* Begin XCBuildConfiguration section */
		D224690920792EB900322262 /* Debug */ = {
			isa = XCBuildConfiguration;
			buildSettings = {
				ALWAYS_SEARCH_USER_PATHS = NO;
				CLANG_ANALYZER_NONNULL = YES;
				CLANG_ANALYZER_NUMBER_OBJECT_CONVERSION = YES_AGGRESSIVE;
				CLANG_CXX_LANGUAGE_STANDARD = "gnu++14";
				CLANG_CXX_LIBRARY = "libc++";
				CLANG_ENABLE_MODULES = YES;
				CLANG_ENABLE_OBJC_ARC = YES;
				CLANG_ENABLE_OBJC_WEAK = YES;
				CLANG_WARN_BLOCK_CAPTURE_AUTORELEASING = YES;
				CLANG_WARN_BOOL_CONVERSION = YES;
				CLANG_WARN_COMMA = YES;
				CLANG_WARN_CONSTANT_CONVERSION = YES;
				CLANG_WARN_DEPRECATED_OBJC_IMPLEMENTATIONS = YES;
				CLANG_WARN_DIRECT_OBJC_ISA_USAGE = YES_ERROR;
				CLANG_WARN_DOCUMENTATION_COMMENTS = YES;
				CLANG_WARN_EMPTY_BODY = YES;
				CLANG_WARN_ENUM_CONVERSION = YES;
				CLANG_WARN_INFINITE_RECURSION = YES;
				CLANG_WARN_INT_CONVERSION = YES;
				CLANG_WARN_NON_LITERAL_NULL_CONVERSION = YES;
				CLANG_WARN_OBJC_IMPLICIT_RETAIN_SELF = YES;
				CLANG_WARN_OBJC_LITERAL_CONVERSION = YES;
				CLANG_WARN_OBJC_ROOT_CLASS = YES_ERROR;
				CLANG_WARN_RANGE_LOOP_ANALYSIS = YES;
				CLANG_WARN_STRICT_PROTOTYPES = YES;
				CLANG_WARN_SUSPICIOUS_MOVE = YES;
				CLANG_WARN_UNGUARDED_AVAILABILITY = YES_AGGRESSIVE;
				CLANG_WARN_UNREACHABLE_CODE = YES;
				CLANG_WARN__DUPLICATE_METHOD_MATCH = YES;
				CODE_SIGN_IDENTITY = "iPhone Developer";
				COPY_PHASE_STRIP = NO;
				DEBUG_INFORMATION_FORMAT = dwarf;
				ENABLE_STRICT_OBJC_MSGSEND = YES;
				ENABLE_TESTABILITY = YES;
				GCC_C_LANGUAGE_STANDARD = gnu11;
				GCC_DYNAMIC_NO_PIC = NO;
				GCC_NO_COMMON_BLOCKS = YES;
				GCC_OPTIMIZATION_LEVEL = 0;
				GCC_PREPROCESSOR_DEFINITIONS = (
					"DEBUG=1",
					"$(inherited)",
				);
				GCC_WARN_64_TO_32_BIT_CONVERSION = YES;
				GCC_WARN_ABOUT_RETURN_TYPE = YES_ERROR;
				GCC_WARN_UNDECLARED_SELECTOR = YES;
				GCC_WARN_UNINITIALIZED_AUTOS = YES_AGGRESSIVE;
				GCC_WARN_UNUSED_FUNCTION = YES;
				GCC_WARN_UNUSED_VARIABLE = YES;
				IPHONEOS_DEPLOYMENT_TARGET = 11.3;
				MTL_ENABLE_DEBUG_INFO = YES;
				ONLY_ACTIVE_ARCH = YES;
				SDKROOT = iphoneos;
				SWIFT_ACTIVE_COMPILATION_CONDITIONS = DEBUG;
				SWIFT_OPTIMIZATION_LEVEL = "-Onone";
			};
			name = Debug;
		};
		D224690A20792EB900322262 /* Release */ = {
			isa = XCBuildConfiguration;
			buildSettings = {
				ALWAYS_SEARCH_USER_PATHS = NO;
				CLANG_ANALYZER_NONNULL = YES;
				CLANG_ANALYZER_NUMBER_OBJECT_CONVERSION = YES_AGGRESSIVE;
				CLANG_CXX_LANGUAGE_STANDARD = "gnu++14";
				CLANG_CXX_LIBRARY = "libc++";
				CLANG_ENABLE_MODULES = YES;
				CLANG_ENABLE_OBJC_ARC = YES;
				CLANG_ENABLE_OBJC_WEAK = YES;
				CLANG_WARN_BLOCK_CAPTURE_AUTORELEASING = YES;
				CLANG_WARN_BOOL_CONVERSION = YES;
				CLANG_WARN_COMMA = YES;
				CLANG_WARN_CONSTANT_CONVERSION = YES;
				CLANG_WARN_DEPRECATED_OBJC_IMPLEMENTATIONS = YES;
				CLANG_WARN_DIRECT_OBJC_ISA_USAGE = YES_ERROR;
				CLANG_WARN_DOCUMENTATION_COMMENTS = YES;
				CLANG_WARN_EMPTY_BODY = YES;
				CLANG_WARN_ENUM_CONVERSION = YES;
				CLANG_WARN_INFINITE_RECURSION = YES;
				CLANG_WARN_INT_CONVERSION = YES;
				CLANG_WARN_NON_LITERAL_NULL_CONVERSION = YES;
				CLANG_WARN_OBJC_IMPLICIT_RETAIN_SELF = YES;
				CLANG_WARN_OBJC_LITERAL_CONVERSION = YES;
				CLANG_WARN_OBJC_ROOT_CLASS = YES_ERROR;
				CLANG_WARN_RANGE_LOOP_ANALYSIS = YES;
				CLANG_WARN_STRICT_PROTOTYPES = YES;
				CLANG_WARN_SUSPICIOUS_MOVE = YES;
				CLANG_WARN_UNGUARDED_AVAILABILITY = YES_AGGRESSIVE;
				CLANG_WARN_UNREACHABLE_CODE = YES;
				CLANG_WARN__DUPLICATE_METHOD_MATCH = YES;
				CODE_SIGN_IDENTITY = "iPhone Developer";
				COPY_PHASE_STRIP = NO;
				DEBUG_INFORMATION_FORMAT = "dwarf-with-dsym";
				ENABLE_NS_ASSERTIONS = NO;
				ENABLE_STRICT_OBJC_MSGSEND = YES;
				GCC_C_LANGUAGE_STANDARD = gnu11;
				GCC_NO_COMMON_BLOCKS = YES;
				GCC_WARN_64_TO_32_BIT_CONVERSION = YES;
				GCC_WARN_ABOUT_RETURN_TYPE = YES_ERROR;
				GCC_WARN_UNDECLARED_SELECTOR = YES;
				GCC_WARN_UNINITIALIZED_AUTOS = YES_AGGRESSIVE;
				GCC_WARN_UNUSED_FUNCTION = YES;
				GCC_WARN_UNUSED_VARIABLE = YES;
				IPHONEOS_DEPLOYMENT_TARGET = 11.3;
				MTL_ENABLE_DEBUG_INFO = NO;
				SDKROOT = iphoneos;
				SWIFT_COMPILATION_MODE = wholemodule;
				SWIFT_OPTIMIZATION_LEVEL = "-O";
				VALIDATE_PRODUCT = YES;
			};
			name = Release;
		};
		D224690C20792EB900322262 /* Debug */ = {
			isa = XCBuildConfiguration;
			buildSettings = {
				ASSETCATALOG_COMPILER_APPICON_NAME = AppIcon;
				CODE_SIGN_STYLE = Automatic;
				DEVELOPMENT_TEAM = X9KDXGQ36R;
				INFOPLIST_FILE = Summoney/Info.plist;
				LD_RUNPATH_SEARCH_PATHS = (
					"$(inherited)",
					"@executable_path/Frameworks",
				);
				PRODUCT_BUNDLE_IDENTIFIER = com.dacvn.summoney.Summoney;
				PRODUCT_NAME = "$(TARGET_NAME)";
				SWIFT_VERSION = 4.0;
				TARGETED_DEVICE_FAMILY = "1,2";
			};
			name = Debug;
		};
		D224690D20792EB900322262 /* Release */ = {
			isa = XCBuildConfiguration;
			buildSettings = {
				ASSETCATALOG_COMPILER_APPICON_NAME = AppIcon;
				CODE_SIGN_STYLE = Automatic;
				DEVELOPMENT_TEAM = X9KDXGQ36R;
				INFOPLIST_FILE = Summoney/Info.plist;
				LD_RUNPATH_SEARCH_PATHS = (
					"$(inherited)",
					"@executable_path/Frameworks",
				);
				PRODUCT_BUNDLE_IDENTIFIER = com.dacvn.summoney.Summoney;
				PRODUCT_NAME = "$(TARGET_NAME)";
				SWIFT_VERSION = 4.0;
				TARGETED_DEVICE_FAMILY = "1,2";
			};
			name = Release;
		};
		D224690F20792EB900322262 /* Debug */ = {
			isa = XCBuildConfiguration;
			buildSettings = {
				ALWAYS_EMBED_SWIFT_STANDARD_LIBRARIES = YES;
				BUNDLE_LOADER = "$(TEST_HOST)";
				CODE_SIGN_STYLE = Automatic;
				DEVELOPMENT_TEAM = X9KDXGQ36R;
				INFOPLIST_FILE = SummoneyTests/Info.plist;
				LD_RUNPATH_SEARCH_PATHS = (
					"$(inherited)",
					"@executable_path/Frameworks",
					"@loader_path/Frameworks",
				);
				PRODUCT_BUNDLE_IDENTIFIER = com.dacvn.summoney.SummoneyTests;
				PRODUCT_NAME = "$(TARGET_NAME)";
				SWIFT_VERSION = 4.0;
				TARGETED_DEVICE_FAMILY = "1,2";
				TEST_HOST = "$(BUILT_PRODUCTS_DIR)/Summoney.app/Summoney";
			};
			name = Debug;
		};
		D224691020792EB900322262 /* Release */ = {
			isa = XCBuildConfiguration;
			buildSettings = {
				ALWAYS_EMBED_SWIFT_STANDARD_LIBRARIES = YES;
				BUNDLE_LOADER = "$(TEST_HOST)";
				CODE_SIGN_STYLE = Automatic;
				DEVELOPMENT_TEAM = X9KDXGQ36R;
				INFOPLIST_FILE = SummoneyTests/Info.plist;
				LD_RUNPATH_SEARCH_PATHS = (
					"$(inherited)",
					"@executable_path/Frameworks",
					"@loader_path/Frameworks",
				);
				PRODUCT_BUNDLE_IDENTIFIER = com.dacvn.summoney.SummoneyTests;
				PRODUCT_NAME = "$(TARGET_NAME)";
				SWIFT_VERSION = 4.0;
				TARGETED_DEVICE_FAMILY = "1,2";
				TEST_HOST = "$(BUILT_PRODUCTS_DIR)/Summoney.app/Summoney";
			};
			name = Release;
		};
		D224691220792EB900322262 /* Debug */ = {
			isa = XCBuildConfiguration;
			buildSettings = {
				ALWAYS_EMBED_SWIFT_STANDARD_LIBRARIES = YES;
				CODE_SIGN_STYLE = Automatic;
				DEVELOPMENT_TEAM = X9KDXGQ36R;
				INFOPLIST_FILE = SummoneyUITests/Info.plist;
				LD_RUNPATH_SEARCH_PATHS = (
					"$(inherited)",
					"@executable_path/Frameworks",
					"@loader_path/Frameworks",
				);
				PRODUCT_BUNDLE_IDENTIFIER = com.dacvn.summoney.SummoneyUITests;
				PRODUCT_NAME = "$(TARGET_NAME)";
				SWIFT_VERSION = 4.0;
				TARGETED_DEVICE_FAMILY = "1,2";
				TEST_TARGET_NAME = Summoney;
			};
			name = Debug;
		};
		D224691320792EB900322262 /* Release */ = {
			isa = XCBuildConfiguration;
			buildSettings = {
				ALWAYS_EMBED_SWIFT_STANDARD_LIBRARIES = YES;
				CODE_SIGN_STYLE = Automatic;
				DEVELOPMENT_TEAM = X9KDXGQ36R;
				INFOPLIST_FILE = SummoneyUITests/Info.plist;
				LD_RUNPATH_SEARCH_PATHS = (
					"$(inherited)",
					"@executable_path/Frameworks",
					"@loader_path/Frameworks",
				);
				PRODUCT_BUNDLE_IDENTIFIER = com.dacvn.summoney.SummoneyUITests;
				PRODUCT_NAME = "$(TARGET_NAME)";
				SWIFT_VERSION = 4.0;
				TARGETED_DEVICE_FAMILY = "1,2";
				TEST_TARGET_NAME = Summoney;
			};
			name = Release;
		};
/* End XCBuildConfiguration section */

/* Begin XCConfigurationList section */
		D22468DB20792EB700322262 /* Build configuration list for PBXProject "Summoney" */ = {
			isa = XCConfigurationList;
			buildConfigurations = (
				D224690920792EB900322262 /* Debug */,
				D224690A20792EB900322262 /* Release */,
			);
			defaultConfigurationIsVisible = 0;
			defaultConfigurationName = Release;
		};
		D224690B20792EB900322262 /* Build configuration list for PBXNativeTarget "Summoney" */ = {
			isa = XCConfigurationList;
			buildConfigurations = (
				D224690C20792EB900322262 /* Debug */,
				D224690D20792EB900322262 /* Release */,
			);
			defaultConfigurationIsVisible = 0;
			defaultConfigurationName = Release;
		};
		D224690E20792EB900322262 /* Build configuration list for PBXNativeTarget "SummoneyTests" */ = {
			isa = XCConfigurationList;
			buildConfigurations = (
				D224690F20792EB900322262 /* Debug */,
				D224691020792EB900322262 /* Release */,
			);
			defaultConfigurationIsVisible = 0;
			defaultConfigurationName = Release;
		};
		D224691120792EB900322262 /* Build configuration list for PBXNativeTarget "SummoneyUITests" */ = {
			isa = XCConfigurationList;
			buildConfigurations = (
				D224691220792EB900322262 /* Debug */,
				D224691320792EB900322262 /* Release */,
			);
			defaultConfigurationIsVisible = 0;
			defaultConfigurationName = Release;
		};
/* End XCConfigurationList section */

/* Begin XCVersionGroup section */
		D22468EA20792EB700322262 /* Summoney.xcdatamodeld */ = {
			isa = XCVersionGroup;
			children = (
				D22468EB20792EB700322262 /* Summoney.xcdatamodel */,
			);
			currentVersion = D22468EB20792EB700322262 /* Summoney.xcdatamodel */;
			path = Summoney.xcdatamodeld;
			sourceTree = "<group>";
			versionGroupType = wrapper.xcdatamodel;
		};
/* End XCVersionGroup section */
	};
	rootObject = D22468D820792EB700322262 /* Project object */;
}
